// !$*UTF8*$!
{
	archiveVersion = 1;
	classes = {
	};
	objectVersion = 50;
	objects = {

/* Begin PBXBuildFile section */
		07F434792164F59F009FA2F7 /* AppDelegate.swift in Sources */ = {isa = PBXBuildFile; fileRef = 07F434782164F59F009FA2F7 /* AppDelegate.swift */; };
		07F4347B2164F59F009FA2F7 /* ViewController.swift in Sources */ = {isa = PBXBuildFile; fileRef = 07F4347A2164F59F009FA2F7 /* ViewController.swift */; };
		07F4347E2164F59F009FA2F7 /* Main.storyboard in Resources */ = {isa = PBXBuildFile; fileRef = 07F4347C2164F59F009FA2F7 /* Main.storyboard */; };
		07F434802164F5A1009FA2F7 /* Assets.xcassets in Resources */ = {isa = PBXBuildFile; fileRef = 07F4347F2164F5A1009FA2F7 /* Assets.xcassets */; };
		07F434832164F5A1009FA2F7 /* LaunchScreen.storyboard in Resources */ = {isa = PBXBuildFile; fileRef = 07F434812164F5A1009FA2F7 /* LaunchScreen.storyboard */; };
		07F4348E2164F5A1009FA2F7 /* instaAPPTests.swift in Sources */ = {isa = PBXBuildFile; fileRef = 07F4348D2164F5A1009FA2F7 /* instaAPPTests.swift */; };
		07F434992164F5A1009FA2F7 /* instaAPPUITests.swift in Sources */ = {isa = PBXBuildFile; fileRef = 07F434982164F5A1009FA2F7 /* instaAPPUITests.swift */; };
/* End PBXBuildFile section */

/* Begin PBXContainerItemProxy section */
		07F4348A2164F5A1009FA2F7 /* PBXContainerItemProxy */ = {
			isa = PBXContainerItemProxy;
			containerPortal = 07F4346D2164F59F009FA2F7 /* Project object */;
			proxyType = 1;
			remoteGlobalIDString = 07F434742164F59F009FA2F7;
			remoteInfo = instaAPP;
		};
		07F434952164F5A1009FA2F7 /* PBXContainerItemProxy */ = {
			isa = PBXContainerItemProxy;
			containerPortal = 07F4346D2164F59F009FA2F7 /* Project object */;
			proxyType = 1;
			remoteGlobalIDString = 07F434742164F59F009FA2F7;
			remoteInfo = instaAPP;
		};
/* End PBXContainerItemProxy section */

/* Begin PBXFileReference section */
		07F434752164F59F009FA2F7 /* instaAPP.app */ = {isa = PBXFileReference; explicitFileType = wrapper.application; includeInIndex = 0; path = instaAPP.app; sourceTree = BUILT_PRODUCTS_DIR; };
		07F434782164F59F009FA2F7 /* AppDelegate.swift */ = {isa = PBXFileReference; lastKnownFileType = sourcecode.swift; path = AppDelegate.swift; sourceTree = "<group>"; };
		07F4347A2164F59F009FA2F7 /* ViewController.swift */ = {isa = PBXFileReference; lastKnownFileType = sourcecode.swift; path = ViewController.swift; sourceTree = "<group>"; };
		07F4347D2164F59F009FA2F7 /* Base */ = {isa = PBXFileReference; lastKnownFileType = file.storyboard; name = Base; path = Base.lproj/Main.storyboard; sourceTree = "<group>"; };
		07F4347F2164F5A1009FA2F7 /* Assets.xcassets */ = {isa = PBXFileReference; lastKnownFileType = folder.assetcatalog; path = Assets.xcassets; sourceTree = "<group>"; };
		07F434822164F5A1009FA2F7 /* Base */ = {isa = PBXFileReference; lastKnownFileType = file.storyboard; name = Base; path = Base.lproj/LaunchScreen.storyboard; sourceTree = "<group>"; };
		07F434842164F5A1009FA2F7 /* Info.plist */ = {isa = PBXFileReference; lastKnownFileType = text.plist.xml; path = Info.plist; sourceTree = "<group>"; };
		07F434892164F5A1009FA2F7 /* instaAPPTests.xctest */ = {isa = PBXFileReference; explicitFileType = wrapper.cfbundle; includeInIndex = 0; path = instaAPPTests.xctest; sourceTree = BUILT_PRODUCTS_DIR; };
		07F4348D2164F5A1009FA2F7 /* instaAPPTests.swift */ = {isa = PBXFileReference; lastKnownFileType = sourcecode.swift; path = instaAPPTests.swift; sourceTree = "<group>"; };
		07F4348F2164F5A1009FA2F7 /* Info.plist */ = {isa = PBXFileReference; lastKnownFileType = text.plist.xml; path = Info.plist; sourceTree = "<group>"; };
		07F434942164F5A1009FA2F7 /* instaAPPUITests.xctest */ = {isa = PBXFileReference; explicitFileType = wrapper.cfbundle; includeInIndex = 0; path = instaAPPUITests.xctest; sourceTree = BUILT_PRODUCTS_DIR; };
		07F434982164F5A1009FA2F7 /* instaAPPUITests.swift */ = {isa = PBXFileReference; lastKnownFileType = sourcecode.swift; path = instaAPPUITests.swift; sourceTree = "<group>"; };
		07F4349A2164F5A1009FA2F7 /* Info.plist */ = {isa = PBXFileReference; lastKnownFileType = text.plist.xml; path = Info.plist; sourceTree = "<group>"; };
/* End PBXFileReference section */

/* Begin PBXFrameworksBuildPhase section */
		07F434722164F59F009FA2F7 /* Frameworks */ = {
			isa = PBXFrameworksBuildPhase;
			buildActionMask = 2147483647;
			files = (
			);
			runOnlyForDeploymentPostprocessing = 0;
		};
		07F434862164F5A1009FA2F7 /* Frameworks */ = {
			isa = PBXFrameworksBuildPhase;
			buildActionMask = 2147483647;
			files = (
			);
			runOnlyForDeploymentPostprocessing = 0;
		};
		07F434912164F5A1009FA2F7 /* Frameworks */ = {
			isa = PBXFrameworksBuildPhase;
			buildActionMask = 2147483647;
			files = (
			);
			runOnlyForDeploymentPostprocessing = 0;
		};
/* End PBXFrameworksBuildPhase section */

/* Begin PBXGroup section */
		07F4346C2164F59F009FA2F7 = {
			isa = PBXGroup;
			children = (
				07F434772164F59F009FA2F7 /* instaAPP */,
				07F4348C2164F5A1009FA2F7 /* instaAPPTests */,
				07F434972164F5A1009FA2F7 /* instaAPPUITests */,
				07F434762164F59F009FA2F7 /* Products */,
			);
			sourceTree = "<group>";
		};
		07F434762164F59F009FA2F7 /* Products */ = {
			isa = PBXGroup;
			children = (
				07F434752164F59F009FA2F7 /* instaAPP.app */,
				07F434892164F5A1009FA2F7 /* instaAPPTests.xctest */,
				07F434942164F5A1009FA2F7 /* instaAPPUITests.xctest */,
			);
			name = Products;
			sourceTree = "<group>";
		};
		07F434772164F59F009FA2F7 /* instaAPP */ = {
			isa = PBXGroup;
			children = (
				07F434782164F59F009FA2F7 /* AppDelegate.swift */,
				07F4347A2164F59F009FA2F7 /* ViewController.swift */,
				07F4347C2164F59F009FA2F7 /* Main.storyboard */,
				07F4347F2164F5A1009FA2F7 /* Assets.xcassets */,
				07F434812164F5A1009FA2F7 /* LaunchScreen.storyboard */,
				07F434842164F5A1009FA2F7 /* Info.plist */,
			);
			path = instaAPP;
			sourceTree = "<group>";
		};
		07F4348C2164F5A1009FA2F7 /* instaAPPTests */ = {
			isa = PBXGroup;
			children = (
				07F4348D2164F5A1009FA2F7 /* instaAPPTests.swift */,
				07F4348F2164F5A1009FA2F7 /* Info.plist */,
			);
			path = instaAPPTests;
			sourceTree = "<group>";
		};
		07F434972164F5A1009FA2F7 /* instaAPPUITests */ = {
			isa = PBXGroup;
			children = (
				07F434982164F5A1009FA2F7 /* instaAPPUITests.swift */,
				07F4349A2164F5A1009FA2F7 /* Info.plist */,
			);
			path = instaAPPUITests;
			sourceTree = "<group>";
		};
/* End PBXGroup section */

/* Begin PBXNativeTarget section */
		07F434742164F59F009FA2F7 /* instaAPP */ = {
			isa = PBXNativeTarget;
			buildConfigurationList = 07F4349D2164F5A1009FA2F7 /* Build configuration list for PBXNativeTarget "instaAPP" */;
			buildPhases = (
				07F434712164F59F009FA2F7 /* Sources */,
				07F434722164F59F009FA2F7 /* Frameworks */,
				07F434732164F59F009FA2F7 /* Resources */,
			);
			buildRules = (
			);
			dependencies = (
			);
			name = instaAPP;
			productName = instaAPP;
			productReference = 07F434752164F59F009FA2F7 /* instaAPP.app */;
			productType = "com.apple.product-type.application";
		};
		07F434882164F5A1009FA2F7 /* instaAPPTests */ = {
			isa = PBXNativeTarget;
			buildConfigurationList = 07F434A02164F5A1009FA2F7 /* Build configuration list for PBXNativeTarget "instaAPPTests" */;
			buildPhases = (
				07F434852164F5A1009FA2F7 /* Sources */,
				07F434862164F5A1009FA2F7 /* Frameworks */,
				07F434872164F5A1009FA2F7 /* Resources */,
			);
			buildRules = (
			);
			dependencies = (
				07F4348B2164F5A1009FA2F7 /* PBXTargetDependency */,
			);
			name = instaAPPTests;
			productName = instaAPPTests;
			productReference = 07F434892164F5A1009FA2F7 /* instaAPPTests.xctest */;
			productType = "com.apple.product-type.bundle.unit-test";
		};
		07F434932164F5A1009FA2F7 /* instaAPPUITests */ = {
			isa = PBXNativeTarget;
			buildConfigurationList = 07F434A32164F5A1009FA2F7 /* Build configuration list for PBXNativeTarget "instaAPPUITests" */;
			buildPhases = (
				07F434902164F5A1009FA2F7 /* Sources */,
				07F434912164F5A1009FA2F7 /* Frameworks */,
				07F434922164F5A1009FA2F7 /* Resources */,
			);
			buildRules = (
			);
			dependencies = (
				07F434962164F5A1009FA2F7 /* PBXTargetDependency */,
			);
			name = instaAPPUITests;
			productName = instaAPPUITests;
			productReference = 07F434942164F5A1009FA2F7 /* instaAPPUITests.xctest */;
			productType = "com.apple.product-type.bundle.ui-testing";
		};
/* End PBXNativeTarget section */

/* Begin PBXProject section */
		07F4346D2164F59F009FA2F7 /* Project object */ = {
			isa = PBXProject;
			attributes = {
				LastSwiftUpdateCheck = 1000;
				LastUpgradeCheck = 1000;
				ORGANIZATIONNAME = "masaya ishigami";
				TargetAttributes = {
					07F434742164F59F009FA2F7 = {
						CreatedOnToolsVersion = 10.0;
					};
					07F434882164F5A1009FA2F7 = {
						CreatedOnToolsVersion = 10.0;
						TestTargetID = 07F434742164F59F009FA2F7;
					};
					07F434932164F5A1009FA2F7 = {
						CreatedOnToolsVersion = 10.0;
						TestTargetID = 07F434742164F59F009FA2F7;
					};
				};
			};
			buildConfigurationList = 07F434702164F59F009FA2F7 /* Build configuration list for PBXProject "instaAPP" */;
			compatibilityVersion = "Xcode 9.3";
			developmentRegion = en;
			hasScannedForEncodings = 0;
			knownRegions = (
				en,
				Base,
			);
			mainGroup = 07F4346C2164F59F009FA2F7;
			productRefGroup = 07F434762164F59F009FA2F7 /* Products */;
			projectDirPath = "";
			projectRoot = "";
			targets = (
				07F434742164F59F009FA2F7 /* instaAPP */,
				07F434882164F5A1009FA2F7 /* instaAPPTests */,
				07F434932164F5A1009FA2F7 /* instaAPPUITests */,
			);
		};
/* End PBXProject section */

/* Begin PBXResourcesBuildPhase section */
		07F434732164F59F009FA2F7 /* Resources */ = {
			isa = PBXResourcesBuildPhase;
			buildActionMask = 2147483647;
			files = (
				07F434832164F5A1009FA2F7 /* LaunchScreen.storyboard in Resources */,
				07F434802164F5A1009FA2F7 /* Assets.xcassets in Resources */,
				07F4347E2164F59F009FA2F7 /* Main.storyboard in Resources */,
			);
			runOnlyForDeploymentPostprocessing = 0;
		};
		07F434872164F5A1009FA2F7 /* Resources */ = {
			isa = PBXResourcesBuildPhase;
			buildActionMask = 2147483647;
			files = (
			);
			runOnlyForDeploymentPostprocessing = 0;
		};
		07F434922164F5A1009FA2F7 /* Resources */ = {
			isa = PBXResourcesBuildPhase;
			buildActionMask = 2147483647;
			files = (
			);
			runOnlyForDeploymentPostprocessing = 0;
		};
/* End PBXResourcesBuildPhase section */

/* Begin PBXSourcesBuildPhase section */
		07F434712164F59F009FA2F7 /* Sources */ = {
			isa = PBXSourcesBuildPhase;
			buildActionMask = 2147483647;
			files = (
				07F4347B2164F59F009FA2F7 /* ViewController.swift in Sources */,
				07F434792164F59F009FA2F7 /* AppDelegate.swift in Sources */,
			);
			runOnlyForDeploymentPostprocessing = 0;
		};
		07F434852164F5A1009FA2F7 /* Sources */ = {
			isa = PBXSourcesBuildPhase;
			buildActionMask = 2147483647;
			files = (
				07F4348E2164F5A1009FA2F7 /* instaAPPTests.swift in Sources */,
			);
			runOnlyForDeploymentPostprocessing = 0;
		};
		07F434902164F5A1009FA2F7 /* Sources */ = {
			isa = PBXSourcesBuildPhase;
			buildActionMask = 2147483647;
			files = (
				07F434992164F5A1009FA2F7 /* instaAPPUITests.swift in Sources */,
			);
			runOnlyForDeploymentPostprocessing = 0;
		};
/* End PBXSourcesBuildPhase section */

/* Begin PBXTargetDependency section */
		07F4348B2164F5A1009FA2F7 /* PBXTargetDependency */ = {
			isa = PBXTargetDependency;
			target = 07F434742164F59F009FA2F7 /* instaAPP */;
			targetProxy = 07F4348A2164F5A1009FA2F7 /* PBXContainerItemProxy */;
		};
		07F434962164F5A1009FA2F7 /* PBXTargetDependency */ = {
			isa = PBXTargetDependency;
			target = 07F434742164F59F009FA2F7 /* instaAPP */;
			targetProxy = 07F434952164F5A1009FA2F7 /* PBXContainerItemProxy */;
		};
/* End PBXTargetDependency section */

/* Begin PBXVariantGroup section */
		07F4347C2164F59F009FA2F7 /* Main.storyboard */ = {
			isa = PBXVariantGroup;
			children = (
				07F4347D2164F59F009FA2F7 /* Base */,
			);
			name = Main.storyboard;
			sourceTree = "<group>";
		};
		07F434812164F5A1009FA2F7 /* LaunchScreen.storyboard */ = {
			isa = PBXVariantGroup;
			children = (
				07F434822164F5A1009FA2F7 /* Base */,
			);
			name = LaunchScreen.storyboard;
			sourceTree = "<group>";
		};
/* End PBXVariantGroup section */

/* Begin XCBuildConfiguration section */
		07F4349B2164F5A1009FA2F7 /* Debug */ = {
			isa = XCBuildConfiguration;
			buildSettings = {
				ALWAYS_SEARCH_USER_PATHS = NO;
				CLANG_ANALYZER_NONNULL = YES;
				CLANG_ANALYZER_NUMBER_OBJECT_CONVERSION = YES_AGGRESSIVE;
				CLANG_CXX_LANGUAGE_STANDARD = "gnu++14";
				CLANG_CXX_LIBRARY = "libc++";
				CLANG_ENABLE_MODULES = YES;
				CLANG_ENABLE_OBJC_ARC = YES;
				CLANG_ENABLE_OBJC_WEAK = YES;
				CLANG_WARN_BLOCK_CAPTURE_AUTORELEASING = YES;
				CLANG_WARN_BOOL_CONVERSION = YES;
				CLANG_WARN_COMMA = YES;
				CLANG_WARN_CONSTANT_CONVERSION = YES;
				CLANG_WARN_DEPRECATED_OBJC_IMPLEMENTATIONS = YES;
				CLANG_WARN_DIRECT_OBJC_ISA_USAGE = YES_ERROR;
				CLANG_WARN_DOCUMENTATION_COMMENTS = YES;
				CLANG_WARN_EMPTY_BODY = YES;
				CLANG_WARN_ENUM_CONVERSION = YES;
				CLANG_WARN_INFINITE_RECURSION = YES;
				CLANG_WARN_INT_CONVERSION = YES;
				CLANG_WARN_NON_LITERAL_NULL_CONVERSION = YES;
				CLANG_WARN_OBJC_IMPLICIT_RETAIN_SELF = YES;
				CLANG_WARN_OBJC_LITERAL_CONVERSION = YES;
				CLANG_WARN_OBJC_ROOT_CLASS = YES_ERROR;
				CLANG_WARN_RANGE_LOOP_ANALYSIS = YES;
				CLANG_WARN_STRICT_PROTOTYPES = YES;
				CLANG_WARN_SUSPICIOUS_MOVE = YES;
				CLANG_WARN_UNGUARDED_AVAILABILITY = YES_AGGRESSIVE;
				CLANG_WARN_UNREACHABLE_CODE = YES;
				CLANG_WARN__DUPLICATE_METHOD_MATCH = YES;
				CODE_SIGN_IDENTITY = "iPhone Developer";
				COPY_PHASE_STRIP = NO;
				DEBUG_INFORMATION_FORMAT = dwarf;
				ENABLE_STRICT_OBJC_MSGSEND = YES;
				ENABLE_TESTABILITY = YES;
				GCC_C_LANGUAGE_STANDARD = gnu11;
				GCC_DYNAMIC_NO_PIC = NO;
				GCC_NO_COMMON_BLOCKS = YES;
				GCC_OPTIMIZATION_LEVEL = 0;
				GCC_PREPROCESSOR_DEFINITIONS = (
					"DEBUG=1",
					"$(inherited)",
				);
				GCC_WARN_64_TO_32_BIT_CONVERSION = YES;
				GCC_WARN_ABOUT_RETURN_TYPE = YES_ERROR;
				GCC_WARN_UNDECLARED_SELECTOR = YES;
				GCC_WARN_UNINITIALIZED_AUTOS = YES_AGGRESSIVE;
				GCC_WARN_UNUSED_FUNCTION = YES;
				GCC_WARN_UNUSED_VARIABLE = YES;
				IPHONEOS_DEPLOYMENT_TARGET = 12.0;
				MTL_ENABLE_DEBUG_INFO = INCLUDE_SOURCE;
				MTL_FAST_MATH = YES;
				ONLY_ACTIVE_ARCH = YES;
				SDKROOT = iphoneos;
				SWIFT_ACTIVE_COMPILATION_CONDITIONS = DEBUG;
				SWIFT_OPTIMIZATION_LEVEL = "-Onone";
			};
			name = Debug;
		};
		07F4349C2164F5A1009FA2F7 /* Release */ = {
			isa = XCBuildConfiguration;
			buildSettings = {
				ALWAYS_SEARCH_USER_PATHS = NO;
				CLANG_ANALYZER_NONNULL = YES;
				CLANG_ANALYZER_NUMBER_OBJECT_CONVERSION = YES_AGGRESSIVE;
				CLANG_CXX_LANGUAGE_STANDARD = "gnu++14";
				CLANG_CXX_LIBRARY = "libc++";
				CLANG_ENABLE_MODULES = YES;
				CLANG_ENABLE_OBJC_ARC = YES;
				CLANG_ENABLE_OBJC_WEAK = YES;
				CLANG_WARN_BLOCK_CAPTURE_AUTORELEASING = YES;
				CLANG_WARN_BOOL_CONVERSION = YES;
				CLANG_WARN_COMMA = YES;
				CLANG_WARN_CONSTANT_CONVERSION = YES;
				CLANG_WARN_DEPRECATED_OBJC_IMPLEMENTATIONS = YES;
				CLANG_WARN_DIRECT_OBJC_ISA_USAGE = YES_ERROR;
				CLANG_WARN_DOCUMENTATION_COMMENTS = YES;
				CLANG_WARN_EMPTY_BODY = YES;
				CLANG_WARN_ENUM_CONVERSION = YES;
				CLANG_WARN_INFINITE_RECURSION = YES;
				CLANG_WARN_INT_CONVERSION = YES;
				CLANG_WARN_NON_LITERAL_NULL_CONVERSION = YES;
				CLANG_WARN_OBJC_IMPLICIT_RETAIN_SELF = YES;
				CLANG_WARN_OBJC_LITERAL_CONVERSION = YES;
				CLANG_WARN_OBJC_ROOT_CLASS = YES_ERROR;
				CLANG_WARN_RANGE_LOOP_ANALYSIS = YES;
				CLANG_WARN_STRICT_PROTOTYPES = YES;
				CLANG_WARN_SUSPICIOUS_MOVE = YES;
				CLANG_WARN_UNGUARDED_AVAILABILITY = YES_AGGRESSIVE;
				CLANG_WARN_UNREACHABLE_CODE = YES;
				CLANG_WARN__DUPLICATE_METHOD_MATCH = YES;
				CODE_SIGN_IDENTITY = "iPhone Developer";
				COPY_PHASE_STRIP = NO;
				DEBUG_INFORMATION_FORMAT = "dwarf-with-dsym";
				ENABLE_NS_ASSERTIONS = NO;
				ENABLE_STRICT_OBJC_MSGSEND = YES;
				GCC_C_LANGUAGE_STANDARD = gnu11;
				GCC_NO_COMMON_BLOCKS = YES;
				GCC_WARN_64_TO_32_BIT_CONVERSION = YES;
				GCC_WARN_ABOUT_RETURN_TYPE = YES_ERROR;
				GCC_WARN_UNDECLARED_SELECTOR = YES;
				GCC_WARN_UNINITIALIZED_AUTOS = YES_AGGRESSIVE;
				GCC_WARN_UNUSED_FUNCTION = YES;
				GCC_WARN_UNUSED_VARIABLE = YES;
				IPHONEOS_DEPLOYMENT_TARGET = 12.0;
				MTL_ENABLE_DEBUG_INFO = NO;
				MTL_FAST_MATH = YES;
				SDKROOT = iphoneos;
				SWIFT_COMPILATION_MODE = wholemodule;
				SWIFT_OPTIMIZATION_LEVEL = "-O";
				VALIDATE_PRODUCT = YES;
			};
			name = Release;
		};
		07F4349E2164F5A1009FA2F7 /* Debug */ = {
			isa = XCBuildConfiguration;
			buildSettings = {
				ASSETCATALOG_COMPILER_APPICON_NAME = AppIcon;
				CODE_SIGN_STYLE = Automatic;
				DEVELOPMENT_TEAM = CGLTX787HN;
				INFOPLIST_FILE = instaAPP/Info.plist;
				LD_RUNPATH_SEARCH_PATHS = (
					"$(inherited)",
					"@executable_path/Frameworks",
				);
				PRODUCT_BUNDLE_IDENTIFIER = com.masaya.instaAPP;
				PRODUCT_NAME = "$(TARGET_NAME)";
				SWIFT_VERSION = 4.2;
				TARGETED_DEVICE_FAMILY = "1,2";
			};
			name = Debug;
		};
		07F4349F2164F5A1009FA2F7 /* Release */ = {
			isa = XCBuildConfiguration;
			buildSettings = {
				ASSETCATALOG_COMPILER_APPICON_NAME = AppIcon;
				CODE_SIGN_STYLE = Automatic;
				DEVELOPMENT_TEAM = CGLTX787HN;
				INFOPLIST_FILE = instaAPP/Info.plist;
				LD_RUNPATH_SEARCH_PATHS = (
					"$(inherited)",
					"@executable_path/Frameworks",
				);
				PRODUCT_BUNDLE_IDENTIFIER = com.masaya.instaAPP;
				PRODUCT_NAME = "$(TARGET_NAME)";
				SWIFT_VERSION = 4.2;
				TARGETED_DEVICE_FAMILY = "1,2";
			};
			name = Release;
		};
		07F434A12164F5A1009FA2F7 /* Debug */ = {
			isa = XCBuildConfiguration;
			buildSettings = {
				ALWAYS_EMBED_SWIFT_STANDARD_LIBRARIES = YES;
				BUNDLE_LOADER = "$(TEST_HOST)";
				CODE_SIGN_STYLE = Automatic;
				DEVELOPMENT_TEAM = CGLTX787HN;
				INFOPLIST_FILE = instaAPPTests/Info.plist;
				LD_RUNPATH_SEARCH_PATHS = (
					"$(inherited)",
					"@executable_path/Frameworks",
					"@loader_path/Frameworks",
				);
				PRODUCT_BUNDLE_IDENTIFIER = com.masaya.instaAPPTests;
				PRODUCT_NAME = "$(TARGET_NAME)";
				SWIFT_VERSION = 4.2;
				TARGETED_DEVICE_FAMILY = "1,2";
				TEST_HOST = "$(BUILT_PRODUCTS_DIR)/instaAPP.app/instaAPP";
			};
			name = Debug;
		};
		07F434A22164F5A1009FA2F7 /* Release */ = {
			isa = XCBuildConfiguration;
			buildSettings = {
				ALWAYS_EMBED_SWIFT_STANDARD_LIBRARIES = YES;
				BUNDLE_LOADER = "$(TEST_HOST)";
				CODE_SIGN_STYLE = Automatic;
				DEVELOPMENT_TEAM = CGLTX787HN;
				INFOPLIST_FILE = instaAPPTests/Info.plist;
				LD_RUNPATH_SEARCH_PATHS = (
					"$(inherited)",
					"@executable_path/Frameworks",
					"@loader_path/Frameworks",
				);
				PRODUCT_BUNDLE_IDENTIFIER = com.masaya.instaAPPTests;
				PRODUCT_NAME = "$(TARGET_NAME)";
				SWIFT_VERSION = 4.2;
				TARGETED_DEVICE_FAMILY = "1,2";
				TEST_HOST = "$(BUILT_PRODUCTS_DIR)/instaAPP.app/instaAPP";
			};
			name = Release;
		};
		07F434A42164F5A1009FA2F7 /* Debug */ = {
			isa = XCBuildConfiguration;
			buildSettings = {
				ALWAYS_EMBED_SWIFT_STANDARD_LIBRARIES = YES;
				CODE_SIGN_STYLE = Automatic;
				DEVELOPMENT_TEAM = CGLTX787HN;
				INFOPLIST_FILE = instaAPPUITests/Info.plist;
				LD_RUNPATH_SEARCH_PATHS = (
					"$(inherited)",
					"@executable_path/Frameworks",
					"@loader_path/Frameworks",
				);
				PRODUCT_BUNDLE_IDENTIFIER = com.masaya.instaAPPUITests;
				PRODUCT_NAME = "$(TARGET_NAME)";
				SWIFT_VERSION = 4.2;
				TARGETED_DEVICE_FAMILY = "1,2";
				TEST_TARGET_NAME = instaAPP;
			};
			name = Debug;
		};
		07F434A52164F5A1009FA2F7 /* Release */ = {
			isa = XCBuildConfiguration;
			buildSettings = {
				ALWAYS_EMBED_SWIFT_STANDARD_LIBRARIES = YES;
				CODE_SIGN_STYLE = Automatic;
				DEVELOPMENT_TEAM = CGLTX787HN;
				INFOPLIST_FILE = instaAPPUITests/Info.plist;
				LD_RUNPATH_SEARCH_PATHS = (
					"$(inherited)",
					"@executable_path/Frameworks",
					"@loader_path/Frameworks",
				);
				PRODUCT_BUNDLE_IDENTIFIER = com.masaya.instaAPPUITests;
				PRODUCT_NAME = "$(TARGET_NAME)";
				SWIFT_VERSION = 4.2;
				TARGETED_DEVICE_FAMILY = "1,2";
				TEST_TARGET_NAME = instaAPP;
			};
			name = Release;
		};
/* End XCBuildConfiguration section */

/* Begin XCConfigurationList section */
		07F434702164F59F009FA2F7 /* Build configuration list for PBXProject "instaAPP" */ = {
			isa = XCConfigurationList;
			buildConfigurations = (
				07F4349B2164F5A1009FA2F7 /* Debug */,
				07F4349C2164F5A1009FA2F7 /* Release */,
			);
			defaultConfigurationIsVisible = 0;
			defaultConfigurationName = Release;
		};
		07F4349D2164F5A1009FA2F7 /* Build configuration list for PBXNativeTarget "instaAPP" */ = {
			isa = XCConfigurationList;
			buildConfigurations = (
				07F4349E2164F5A1009FA2F7 /* Debug */,
				07F4349F2164F5A1009FA2F7 /* Release */,
			);
			defaultConfigurationIsVisible = 0;
			defaultConfigurationName = Release;
		};
		07F434A02164F5A1009FA2F7 /* Build configuration list for PBXNativeTarget "instaAPPTests" */ = {
			isa = XCConfigurationList;
			buildConfigurations = (
				07F434A12164F5A1009FA2F7 /* Debug */,
				07F434A22164F5A1009FA2F7 /* Release */,
			);
			defaultConfigurationIsVisible = 0;
			defaultConfigurationName = Release;
		};
		07F434A32164F5A1009FA2F7 /* Build configuration list for PBXNativeTarget "instaAPPUITests" */ = {
			isa = XCConfigurationList;
			buildConfigurations = (
				07F434A42164F5A1009FA2F7 /* Debug */,
				07F434A52164F5A1009FA2F7 /* Release */,
			);
			defaultConfigurationIsVisible = 0;
			defaultConfigurationName = Release;
		};
/* End XCConfigurationList section */
	};
	rootObject = 07F4346D2164F59F009FA2F7 /* Project object */;
}
